
Microsoft Visual Studio Solution File, Format Version 12.00
# Visual Studio 15
VisualStudioVersion = 15.0.27004.2008
MinimumVisualStudioVersion = 10.0.40219.1
Project("{FAE04EC0-301F-11D3-BF4B-00C04F79EFBC}") = "Kizuna", "Kizuna\Kizuna.csproj", "{3A8922D4-85A2-4C61-8FC9-C6E5D424723A}"
EndProject
Project("{9A19103F-16F7-4668-BE54-9A1E7A4F7556}") = "ChatServerExample", "ChatServerExample\ChatServerExample.csproj", "{F67FEB6F-46AB-4D35-8031-81FABE7D23C5}"
EndProject
Project("{9A19103F-16F7-4668-BE54-9A1E7A4F7556}") = "ChatClientExample", "ChatClientExample\ChatClientExample.csproj", "{39D7723D-6D98-4AFF-A28D-8EE7A5D699F7}"
EndProject
Project("{9A19103F-16F7-4668-BE54-9A1E7A4F7556}") = "ChatProtocol", "ChatProtocol\ChatProtocol.csproj", "{B7ADB01C-B009-4351-8746-6D2B6486DFC3}"
EndProject
Project("{8BC9CEB8-8B4A-11D0-8D11-00A0C91BC942}") = "Kizuna-C++", "C++\Kizuna-C++\Kizuna-C++.vcxproj", "{FAFC5427-86B1-4128-84E3-6E72318EF7E2}"
EndProject
Global
	GlobalSection(SolutionConfigurationPlatforms) = preSolution
		Debug|Any CPU = Debug|Any CPU
		Debug|x64 = Debug|x64
		Debug|x86 = Debug|x86
		Release|Any CPU = Release|Any CPU
		Release|x64 = Release|x64
		Release|x86 = Release|x86
	EndGlobalSection
	GlobalSection(ProjectConfigurationPlatforms) = postSolution
		{3A8922D4-85A2-4C61-8FC9-C6E5D424723A}.Debug|Any CPU.ActiveCfg = Debug|Any CPU
		{3A8922D4-85A2-4C61-8FC9-C6E5D424723A}.Debug|Any CPU.Build.0 = Debug|Any CPU
		{3A8922D4-85A2-4C61-8FC9-C6E5D424723A}.Debug|x64.ActiveCfg = Debug|Any CPU
		{3A8922D4-85A2-4C61-8FC9-C6E5D424723A}.Debug|x64.Build.0 = Debug|Any CPU
		{3A8922D4-85A2-4C61-8FC9-C6E5D424723A}.Debug|x86.ActiveCfg = Debug|Any CPU
		{3A8922D4-85A2-4C61-8FC9-C6E5D424723A}.Debug|x86.Build.0 = Debug|Any CPU
		{3A8922D4-85A2-4C61-8FC9-C6E5D424723A}.Release|Any CPU.ActiveCfg = Release|Any CPU
		{3A8922D4-85A2-4C61-8FC9-C6E5D424723A}.Release|Any CPU.Build.0 = Release|Any CPU
		{3A8922D4-85A2-4C61-8FC9-C6E5D424723A}.Release|x64.ActiveCfg = Release|Any CPU
		{3A8922D4-85A2-4C61-8FC9-C6E5D424723A}.Release|x64.Build.0 = Release|Any CPU
		{3A8922D4-85A2-4C61-8FC9-C6E5D424723A}.Release|x86.ActiveCfg = Release|Any CPU
		{3A8922D4-85A2-4C61-8FC9-C6E5D424723A}.Release|x86.Build.0 = Release|Any CPU
		{F67FEB6F-46AB-4D35-8031-81FABE7D23C5}.Debug|Any CPU.ActiveCfg = Debug|Any CPU
		{F67FEB6F-46AB-4D35-8031-81FABE7D23C5}.Debug|Any CPU.Build.0 = Debug|Any CPU
		{F67FEB6F-46AB-4D35-8031-81FABE7D23C5}.Debug|x64.ActiveCfg = Debug|Any CPU
		{F67FEB6F-46AB-4D35-8031-81FABE7D23C5}.Debug|x64.Build.0 = Debug|Any CPU
		{F67FEB6F-46AB-4D35-8031-81FABE7D23C5}.Debug|x86.ActiveCfg = Debug|Any CPU
		{F67FEB6F-46AB-4D35-8031-81FABE7D23C5}.Debug|x86.Build.0 = Debug|Any CPU
		{F67FEB6F-46AB-4D35-8031-81FABE7D23C5}.Release|Any CPU.ActiveCfg = Release|Any CPU
		{F67FEB6F-46AB-4D35-8031-81FABE7D23C5}.Release|Any CPU.Build.0 = Release|Any CPU
		{F67FEB6F-46AB-4D35-8031-81FABE7D23C5}.Release|x64.ActiveCfg = Release|Any CPU
		{F67FEB6F-46AB-4D35-8031-81FABE7D23C5}.Release|x64.Build.0 = Release|Any CPU
		{F67FEB6F-46AB-4D35-8031-81FABE7D23C5}.Release|x86.ActiveCfg = Release|Any CPU
		{F67FEB6F-46AB-4D35-8031-81FABE7D23C5}.Release|x86.Build.0 = Release|Any CPU
		{39D7723D-6D98-4AFF-A28D-8EE7A5D699F7}.Debug|Any CPU.ActiveCfg = Debug|Any CPU
		{39D7723D-6D98-4AFF-A28D-8EE7A5D699F7}.Debug|Any CPU.Build.0 = Debug|Any CPU
		{39D7723D-6D98-4AFF-A28D-8EE7A5D699F7}.Debug|x64.ActiveCfg = Debug|Any CPU
		{39D7723D-6D98-4AFF-A28D-8EE7A5D699F7}.Debug|x64.Build.0 = Debug|Any CPU
		{39D7723D-6D98-4AFF-A28D-8EE7A5D699F7}.Debug|x86.ActiveCfg = Debug|Any CPU
		{39D7723D-6D98-4AFF-A28D-8EE7A5D699F7}.Debug|x86.Build.0 = Debug|Any CPU
		{39D7723D-6D98-4AFF-A28D-8EE7A5D699F7}.Release|Any CPU.ActiveCfg = Release|Any CPU
		{39D7723D-6D98-4AFF-A28D-8EE7A5D699F7}.Release|Any CPU.Build.0 = Release|Any CPU
		{39D7723D-6D98-4AFF-A28D-8EE7A5D699F7}.Release|x64.ActiveCfg = Release|Any CPU
		{39D7723D-6D98-4AFF-A28D-8EE7A5D699F7}.Release|x64.Build.0 = Release|Any CPU
		{39D7723D-6D98-4AFF-A28D-8EE7A5D699F7}.Release|x86.ActiveCfg = Release|Any CPU
		{39D7723D-6D98-4AFF-A28D-8EE7A5D699F7}.Release|x86.Build.0 = Release|Any CPU
		{B7ADB01C-B009-4351-8746-6D2B6486DFC3}.Debug|Any CPU.ActiveCfg = Debug|Any CPU
		{B7ADB01C-B009-4351-8746-6D2B6486DFC3}.Debug|Any CPU.Build.0 = Debug|Any CPU
		{B7ADB01C-B009-4351-8746-6D2B6486DFC3}.Debug|x64.ActiveCfg = Debug|Any CPU
		{B7ADB01C-B009-4351-8746-6D2B6486DFC3}.Debug|x64.Build.0 = Debug|Any CPU
		{B7ADB01C-B009-4351-8746-6D2B6486DFC3}.Debug|x86.ActiveCfg = Debug|Any CPU
		{B7ADB01C-B009-4351-8746-6D2B6486DFC3}.Debug|x86.Build.0 = Debug|Any CPU
		{B7ADB01C-B009-4351-8746-6D2B6486DFC3}.Release|Any CPU.ActiveCfg = Release|Any CPU
		{B7ADB01C-B009-4351-8746-6D2B6486DFC3}.Release|Any CPU.Build.0 = Release|Any CPU
		{B7ADB01C-B009-4351-8746-6D2B6486DFC3}.Release|x64.ActiveCfg = Release|Any CPU
		{B7ADB01C-B009-4351-8746-6D2B6486DFC3}.Release|x64.Build.0 = Release|Any CPU
		{B7ADB01C-B009-4351-8746-6D2B6486DFC3}.Release|x86.ActiveCfg = Release|Any CPU
		{B7ADB01C-B009-4351-8746-6D2B6486DFC3}.Release|x86.Build.0 = Release|Any CPU
		{FAFC5427-86B1-4128-84E3-6E72318EF7E2}.Debug|Any CPU.ActiveCfg = Debug|Win32
		{FAFC5427-86B1-4128-84E3-6E72318EF7E2}.Debug|x64.ActiveCfg = Debug|x64
		{FAFC5427-86B1-4128-84E3-6E72318EF7E2}.Debug|x64.Build.0 = Debug|x64
		{FAFC5427-86B1-4128-84E3-6E72318EF7E2}.Debug|x86.ActiveCfg = Debug|Win32
		{FAFC5427-86B1-4128-84E3-6E72318EF7E2}.Debug|x86.Build.0 = Debug|Win32
		{FAFC5427-86B1-4128-84E3-6E72318EF7E2}.Release|Any CPU.ActiveCfg = Release|Win32
		{FAFC5427-86B1-4128-84E3-6E72318EF7E2}.Release|x64.ActiveCfg = Release|x64
		{FAFC5427-86B1-4128-84E3-6E72318EF7E2}.Release|x64.Build.0 = Release|x64
		{FAFC5427-86B1-4128-84E3-6E72318EF7E2}.Release|x86.ActiveCfg = Release|Win32
		{FAFC5427-86B1-4128-84E3-6E72318EF7E2}.Release|x86.Build.0 = Release|Win32
	EndGlobalSection
	GlobalSection(SolutionProperties) = preSolution
		HideSolutionNode = FALSE
	EndGlobalSection
	GlobalSection(ExtensibilityGlobals) = postSolution
		SolutionGuid = {2449AF66-D3AB-4C01-9FDB-00AEE6FC51E4}
	EndGlobalSection
EndGlobal
